// !$*UTF8*$!
{
	archiveVersion = 1;
	classes = {
	};
	objectVersion = 46;
	objects = {

/* Begin PBXBuildFile section */
		3B38F8EB1AF0E2EC0004C841 /* do_Album_ISM.h in CopyFiles */ = {isa = PBXBuildFile; fileRef = 3BEED58D1AEFA03E000C2A30 /* do_Album_ISM.h */; };
		3B38F8EC1AF0E2EC0004C841 /* do_Album_App.h in CopyFiles */ = {isa = PBXBuildFile; fileRef = 3BEED58E1AEFA048000C2A30 /* do_Album_App.h */; };
		3B38F8ED1AF0E2EC0004C841 /* do_Album_SM.h in CopyFiles */ = {isa = PBXBuildFile; fileRef = 3BEED5901AEFA048000C2A30 /* do_Album_SM.h */; };
		3B77B2A91B4D2C01003DF0AB /* AGImagePickerController+Helper.m in Sources */ = {isa = PBXBuildFile; fileRef = 3B77B2901B4D2C01003DF0AB /* AGImagePickerController+Helper.m */; };
		3B77B2AA1B4D2C01003DF0AB /* doAGImagePickerController.m in Sources */ = {isa = PBXBuildFile; fileRef = 3B77B2931B4D2C01003DF0AB /* doAGImagePickerController.m */; };
		3B77B2AB1B4D2C01003DF0AB /* doAGImagePreviewController.m in Sources */ = {isa = PBXBuildFile; fileRef = 3B77B2961B4D2C01003DF0AB /* doAGImagePreviewController.m */; };
		3B77B2AC1B4D2C01003DF0AB /* doAGIPCAlbumsController.m in Sources */ = {isa = PBXBuildFile; fileRef = 3B77B2981B4D2C01003DF0AB /* doAGIPCAlbumsController.m */; };
		3B77B2AD1B4D2C01003DF0AB /* doAGIPCAssetsController.m in Sources */ = {isa = PBXBuildFile; fileRef = 3B77B29A1B4D2C01003DF0AB /* doAGIPCAssetsController.m */; };
		3B77B2AE1B4D2C01003DF0AB /* doAGIPCGridCell.m in Sources */ = {isa = PBXBuildFile; fileRef = 3B77B29C1B4D2C01003DF0AB /* doAGIPCGridCell.m */; };
		3B77B2AF1B4D2C01003DF0AB /* doAGIPCGridItem.m in Sources */ = {isa = PBXBuildFile; fileRef = 3B77B29E1B4D2C01003DF0AB /* doAGIPCGridItem.m */; };
		3B77B2B01B4D2C01003DF0AB /* doAGIPCPreviewController.m in Sources */ = {isa = PBXBuildFile; fileRef = 3B77B2A01B4D2C01003DF0AB /* doAGIPCPreviewController.m */; };
		3B77B2B11B4D2C01003DF0AB /* doAGIPCToolbarItem.m in Sources */ = {isa = PBXBuildFile; fileRef = 3B77B2A21B4D2C01003DF0AB /* doAGIPCToolbarItem.m */; };
		3B77B2B21B4D2C01003DF0AB /* doAGPreviewScrollView.m in Sources */ = {isa = PBXBuildFile; fileRef = 3B77B2A41B4D2C01003DF0AB /* doAGPreviewScrollView.m */; };
		3B77B2B31B4D2C01003DF0AB /* ALAsset+AGIPC.m in Sources */ = {isa = PBXBuildFile; fileRef = 3B77B2A61B4D2C01003DF0AB /* ALAsset+AGIPC.m */; };
		3B77B2B41B4D2C01003DF0AB /* UIButton+AGIPC.m in Sources */ = {isa = PBXBuildFile; fileRef = 3B77B2A81B4D2C01003DF0AB /* UIButton+AGIPC.m */; };
		3BEED5921AEFA048000C2A30 /* do_Album_App.m in Sources */ = {isa = PBXBuildFile; fileRef = 3BEED58F1AEFA048000C2A30 /* do_Album_App.m */; };
		3BEED5931AEFA048000C2A30 /* do_Album_SM.m in Sources */ = {isa = PBXBuildFile; fileRef = 3BEED5911AEFA048000C2A30 /* do_Album_SM.m */; };
/* End PBXBuildFile section */

/* Begin PBXCopyFilesBuildPhase section */
		A4E1EABB1A778F1700F0B3CE /* CopyFiles */ = {
			isa = PBXCopyFilesBuildPhase;
			buildActionMask = 2147483647;
			dstPath = "include/$(PRODUCT_NAME)";
			dstSubfolderSpec = 16;
			files = (
				3B38F8EB1AF0E2EC0004C841 /* do_Album_ISM.h in CopyFiles */,
				3B38F8EC1AF0E2EC0004C841 /* do_Album_App.h in CopyFiles */,
				3B38F8ED1AF0E2EC0004C841 /* do_Album_SM.h in CopyFiles */,
			);
			runOnlyForDeploymentPostprocessing = 0;
		};
/* End PBXCopyFilesBuildPhase section */

/* Begin PBXFileReference section */
		3B31AE771B4E574A005B1721 /* do_Album.bundle */ = {isa = PBXFileReference; lastKnownFileType = "wrapper.plug-in"; path = do_Album.bundle; sourceTree = "<group>"; };
		3B77B28F1B4D2C01003DF0AB /* AGImagePickerController+Helper.h */ = {isa = PBXFileReference; fileEncoding = 4; lastKnownFileType = sourcecode.c.h; path = "AGImagePickerController+Helper.h"; sourceTree = "<group>"; };
		3B77B2901B4D2C01003DF0AB /* AGImagePickerController+Helper.m */ = {isa = PBXFileReference; fileEncoding = 4; lastKnownFileType = sourcecode.c.objc; path = "AGImagePickerController+Helper.m"; sourceTree = "<group>"; };
		3B77B2921B4D2C01003DF0AB /* doAGImagePickerController.h */ = {isa = PBXFileReference; fileEncoding = 4; lastKnownFileType = sourcecode.c.h; path = doAGImagePickerController.h; sourceTree = "<group>"; };
		3B77B2931B4D2C01003DF0AB /* doAGImagePickerController.m */ = {isa = PBXFileReference; fileEncoding = 4; lastKnownFileType = sourcecode.c.objc; path = doAGImagePickerController.m; sourceTree = "<group>"; };
		3B77B2941B4D2C01003DF0AB /* AGImagePickerControllerDefines.h */ = {isa = PBXFileReference; fileEncoding = 4; lastKnownFileType = sourcecode.c.h; path = AGImagePickerControllerDefines.h; sourceTree = "<group>"; };
		3B77B2951B4D2C01003DF0AB /* doAGImagePreviewController.h */ = {isa = PBXFileReference; fileEncoding = 4; lastKnownFileType = sourcecode.c.h; path = doAGImagePreviewController.h; sourceTree = "<group>"; };
		3B77B2961B4D2C01003DF0AB /* doAGImagePreviewController.m */ = {isa = PBXFileReference; fileEncoding = 4; lastKnownFileType = sourcecode.c.objc; path = doAGImagePreviewController.m; sourceTree = "<group>"; };
		3B77B2971B4D2C01003DF0AB /* doAGIPCAlbumsController.h */ = {isa = PBXFileReference; fileEncoding = 4; lastKnownFileType = sourcecode.c.h; path = doAGIPCAlbumsController.h; sourceTree = "<group>"; };
		3B77B2981B4D2C01003DF0AB /* doAGIPCAlbumsController.m */ = {isa = PBXFileReference; fileEncoding = 4; lastKnownFileType = sourcecode.c.objc; path = doAGIPCAlbumsController.m; sourceTree = "<group>"; };
		3B77B2991B4D2C01003DF0AB /* doAGIPCAssetsController.h */ = {isa = PBXFileReference; fileEncoding = 4; lastKnownFileType = sourcecode.c.h; path = doAGIPCAssetsController.h; sourceTree = "<group>"; };
		3B77B29A1B4D2C01003DF0AB /* doAGIPCAssetsController.m */ = {isa = PBXFileReference; fileEncoding = 4; lastKnownFileType = sourcecode.c.objc; path = doAGIPCAssetsController.m; sourceTree = "<group>"; };
		3B77B29B1B4D2C01003DF0AB /* doAGIPCGridCell.h */ = {isa = PBXFileReference; fileEncoding = 4; lastKnownFileType = sourcecode.c.h; path = doAGIPCGridCell.h; sourceTree = "<group>"; };
		3B77B29C1B4D2C01003DF0AB /* doAGIPCGridCell.m */ = {isa = PBXFileReference; fileEncoding = 4; lastKnownFileType = sourcecode.c.objc; path = doAGIPCGridCell.m; sourceTree = "<group>"; };
		3B77B29D1B4D2C01003DF0AB /* doAGIPCGridItem.h */ = {isa = PBXFileReference; fileEncoding = 4; lastKnownFileType = sourcecode.c.h; path = doAGIPCGridItem.h; sourceTree = "<group>"; };
		3B77B29E1B4D2C01003DF0AB /* doAGIPCGridItem.m */ = {isa = PBXFileReference; fileEncoding = 4; lastKnownFileType = sourcecode.c.objc; path = doAGIPCGridItem.m; sourceTree = "<group>"; };
		3B77B29F1B4D2C01003DF0AB /* doAGIPCPreviewController.h */ = {isa = PBXFileReference; fileEncoding = 4; lastKnownFileType = sourcecode.c.h; path = doAGIPCPreviewController.h; sourceTree = "<group>"; };
		3B77B2A01B4D2C01003DF0AB /* doAGIPCPreviewController.m */ = {isa = PBXFileReference; fileEncoding = 4; lastKnownFileType = sourcecode.c.objc; path = doAGIPCPreviewController.m; sourceTree = "<group>"; };
		3B77B2A11B4D2C01003DF0AB /* doAGIPCToolbarItem.h */ = {isa = PBXFileReference; fileEncoding = 4; lastKnownFileType = sourcecode.c.h; path = doAGIPCToolbarItem.h; sourceTree = "<group>"; };
		3B77B2A21B4D2C01003DF0AB /* doAGIPCToolbarItem.m */ = {isa = PBXFileReference; fileEncoding = 4; lastKnownFileType = sourcecode.c.objc; path = doAGIPCToolbarItem.m; sourceTree = "<group>"; };
		3B77B2A31B4D2C01003DF0AB /* doAGPreviewScrollView.h */ = {isa = PBXFileReference; fileEncoding = 4; lastKnownFileType = sourcecode.c.h; path = doAGPreviewScrollView.h; sourceTree = "<group>"; };
		3B77B2A41B4D2C01003DF0AB /* doAGPreviewScrollView.m */ = {isa = PBXFileReference; fileEncoding = 4; lastKnownFileType = sourcecode.c.objc; path = doAGPreviewScrollView.m; sourceTree = "<group>"; };
		3B77B2A51B4D2C01003DF0AB /* ALAsset+AGIPC.h */ = {isa = PBXFileReference; fileEncoding = 4; lastKnownFileType = sourcecode.c.h; path = "ALAsset+AGIPC.h"; sourceTree = "<group>"; };
		3B77B2A61B4D2C01003DF0AB /* ALAsset+AGIPC.m */ = {isa = PBXFileReference; fileEncoding = 4; lastKnownFileType = sourcecode.c.objc; path = "ALAsset+AGIPC.m"; sourceTree = "<group>"; };
		3B77B2A71B4D2C01003DF0AB /* UIButton+AGIPC.h */ = {isa = PBXFileReference; fileEncoding = 4; lastKnownFileType = sourcecode.c.h; path = "UIButton+AGIPC.h"; sourceTree = "<group>"; };
		3B77B2A81B4D2C01003DF0AB /* UIButton+AGIPC.m */ = {isa = PBXFileReference; fileEncoding = 4; lastKnownFileType = sourcecode.c.objc; path = "UIButton+AGIPC.m"; sourceTree = "<group>"; };
		3BEED58D1AEFA03E000C2A30 /* do_Album_ISM.h */ = {isa = PBXFileReference; fileEncoding = 4; lastKnownFileType = sourcecode.c.h; path = do_Album_ISM.h; sourceTree = "<group>"; };
		3BEED58E1AEFA048000C2A30 /* do_Album_App.h */ = {isa = PBXFileReference; fileEncoding = 4; lastKnownFileType = sourcecode.c.h; path = do_Album_App.h; sourceTree = "<group>"; };
		3BEED58F1AEFA048000C2A30 /* do_Album_App.m */ = {isa = PBXFileReference; fileEncoding = 4; lastKnownFileType = sourcecode.c.objc; path = do_Album_App.m; sourceTree = "<group>"; };
		3BEED5901AEFA048000C2A30 /* do_Album_SM.h */ = {isa = PBXFileReference; fileEncoding = 4; lastKnownFileType = sourcecode.c.h; path = do_Album_SM.h; sourceTree = "<group>"; };
		3BEED5911AEFA048000C2A30 /* do_Album_SM.m */ = {isa = PBXFileReference; fileEncoding = 4; lastKnownFileType = sourcecode.c.objc; path = do_Album_SM.m; sourceTree = "<group>"; };
		A4E1EABD1A778F1700F0B3CE /* libDoAlbum_SM.a */ = {isa = PBXFileReference; explicitFileType = archive.ar; includeInIndex = 0; path = libDoAlbum_SM.a; sourceTree = BUILT_PRODUCTS_DIR; };
		A4E1EADC1A778F8200F0B3CE /* TYPEID_SM.bundle */ = {isa = PBXFileReference; lastKnownFileType = "wrapper.plug-in"; path = TYPEID_SM.bundle; sourceTree = "<group>"; };
/* End PBXFileReference section */

/* Begin PBXFrameworksBuildPhase section */
		A4E1EABA1A778F1700F0B3CE /* Frameworks */ = {
			isa = PBXFrameworksBuildPhase;
			buildActionMask = 2147483647;
			files = (
			);
			runOnlyForDeploymentPostprocessing = 0;
		};
/* End PBXFrameworksBuildPhase section */

/* Begin PBXGroup section */
		3B77B28E1B4D2C01003DF0AB /* Classes */ = {
			isa = PBXGroup;
			children = (
				3B31AE771B4E574A005B1721 /* do_Album.bundle */,
				3B77B28F1B4D2C01003DF0AB /* AGImagePickerController+Helper.h */,
				3B77B2901B4D2C01003DF0AB /* AGImagePickerController+Helper.m */,
				3B77B2921B4D2C01003DF0AB /* doAGImagePickerController.h */,
				3B77B2931B4D2C01003DF0AB /* doAGImagePickerController.m */,
				3B77B2941B4D2C01003DF0AB /* AGImagePickerControllerDefines.h */,
				3B77B2951B4D2C01003DF0AB /* doAGImagePreviewController.h */,
				3B77B2961B4D2C01003DF0AB /* doAGImagePreviewController.m */,
				3B77B2971B4D2C01003DF0AB /* doAGIPCAlbumsController.h */,
				3B77B2981B4D2C01003DF0AB /* doAGIPCAlbumsController.m */,
				3B77B2991B4D2C01003DF0AB /* doAGIPCAssetsController.h */,
				3B77B29A1B4D2C01003DF0AB /* doAGIPCAssetsController.m */,
				3B77B29B1B4D2C01003DF0AB /* doAGIPCGridCell.h */,
				3B77B29C1B4D2C01003DF0AB /* doAGIPCGridCell.m */,
				3B77B29D1B4D2C01003DF0AB /* doAGIPCGridItem.h */,
				3B77B29E1B4D2C01003DF0AB /* doAGIPCGridItem.m */,
				3B77B29F1B4D2C01003DF0AB /* doAGIPCPreviewController.h */,
				3B77B2A01B4D2C01003DF0AB /* doAGIPCPreviewController.m */,
				3B77B2A11B4D2C01003DF0AB /* doAGIPCToolbarItem.h */,
				3B77B2A21B4D2C01003DF0AB /* doAGIPCToolbarItem.m */,
				3B77B2A31B4D2C01003DF0AB /* doAGPreviewScrollView.h */,
				3B77B2A41B4D2C01003DF0AB /* doAGPreviewScrollView.m */,
				3B77B2A51B4D2C01003DF0AB /* ALAsset+AGIPC.h */,
				3B77B2A61B4D2C01003DF0AB /* ALAsset+AGIPC.m */,
				3B77B2A71B4D2C01003DF0AB /* UIButton+AGIPC.h */,
				3B77B2A81B4D2C01003DF0AB /* UIButton+AGIPC.m */,
			);
			path = Classes;
			sourceTree = "<group>";
		};
		A4917C461A78940200FFB148 /* ext_define */ = {
			isa = PBXGroup;
			children = (
				3BEED58D1AEFA03E000C2A30 /* do_Album_ISM.h */,
			);
			path = ext_define;
			sourceTree = "<group>";
		};
		A4917C481A78940200FFB148 /* ext_implement */ = {
			isa = PBXGroup;
			children = (
				3B77B28E1B4D2C01003DF0AB /* Classes */,
				3BEED58E1AEFA048000C2A30 /* do_Album_App.h */,
				3BEED58F1AEFA048000C2A30 /* do_Album_App.m */,
				3BEED5901AEFA048000C2A30 /* do_Album_SM.h */,
				3BEED5911AEFA048000C2A30 /* do_Album_SM.m */,
			);
			path = ext_implement;
			sourceTree = "<group>";
		};
		A4E1EAB41A778F1700F0B3CE = {
			isa = PBXGroup;
			children = (
				A4917C461A78940200FFB148 /* ext_define */,
				A4917C481A78940200FFB148 /* ext_implement */,
				A4E1EADC1A778F8200F0B3CE /* TYPEID_SM.bundle */,
				A4E1EABE1A778F1700F0B3CE /* Products */,
			);
			sourceTree = "<group>";
		};
		A4E1EABE1A778F1700F0B3CE /* Products */ = {
			isa = PBXGroup;
			children = (
				A4E1EABD1A778F1700F0B3CE /* libDoAlbum_SM.a */,
			);
			name = Products;
			sourceTree = "<group>";
		};
/* End PBXGroup section */

/* Begin PBXNativeTarget section */
		A4E1EABC1A778F1700F0B3CE /* DoAlbum_SM */ = {
			isa = PBXNativeTarget;
			buildConfigurationList = A4E1EAD11A778F1700F0B3CE /* Build configuration list for PBXNativeTarget "DoAlbum_SM" */;
			buildPhases = (
				A4E1EAB91A778F1700F0B3CE /* Sources */,
				A4E1EABA1A778F1700F0B3CE /* Frameworks */,
				A4E1EABB1A778F1700F0B3CE /* CopyFiles */,
			);
			buildRules = (
			);
			dependencies = (
			);
			name = DoAlbum_SM;
			productName = DoExt_SM;
			productReference = A4E1EABD1A778F1700F0B3CE /* libDoAlbum_SM.a */;
			productType = "com.apple.product-type.library.static";
		};
/* End PBXNativeTarget section */

/* Begin PBXProject section */
		A4E1EAB51A778F1700F0B3CE /* Project object */ = {
			isa = PBXProject;
			attributes = {
				LastUpgradeCheck = 0630;
				ORGANIZATIONNAME = DoExt;
				TargetAttributes = {
					A4E1EABC1A778F1700F0B3CE = {
						CreatedOnToolsVersion = 6.1;
					};
				};
			};
			buildConfigurationList = A4E1EAB81A778F1700F0B3CE /* Build configuration list for PBXProject "doAlbum_SM" */;
			compatibilityVersion = "Xcode 3.2";
			developmentRegion = English;
			hasScannedForEncodings = 0;
			knownRegions = (
				en,
			);
			mainGroup = A4E1EAB41A778F1700F0B3CE;
			productRefGroup = A4E1EABE1A778F1700F0B3CE /* Products */;
			projectDirPath = "";
			projectRoot = "";
			targets = (
				A4E1EABC1A778F1700F0B3CE /* DoAlbum_SM */,
			);
		};
/* End PBXProject section */

/* Begin PBXSourcesBuildPhase section */
		A4E1EAB91A778F1700F0B3CE /* Sources */ = {
			isa = PBXSourcesBuildPhase;
			buildActionMask = 2147483647;
			files = (
				3B77B2B21B4D2C01003DF0AB /* doAGPreviewScrollView.m in Sources */,
				3B77B2AC1B4D2C01003DF0AB /* doAGIPCAlbumsController.m in Sources */,
				3BEED5931AEFA048000C2A30 /* do_Album_SM.m in Sources */,
				3B77B2B11B4D2C01003DF0AB /* doAGIPCToolbarItem.m in Sources */,
				3B77B2AD1B4D2C01003DF0AB /* doAGIPCAssetsController.m in Sources */,
				3B77B2B01B4D2C01003DF0AB /* doAGIPCPreviewController.m in Sources */,
				3B77B2B31B4D2C01003DF0AB /* ALAsset+AGIPC.m in Sources */,
				3B77B2AB1B4D2C01003DF0AB /* doAGImagePreviewController.m in Sources */,
				3B77B2AE1B4D2C01003DF0AB /* doAGIPCGridCell.m in Sources */,
				3B77B2AA1B4D2C01003DF0AB /* doAGImagePickerController.m in Sources */,
				3BEED5921AEFA048000C2A30 /* do_Album_App.m in Sources */,
				3B77B2AF1B4D2C01003DF0AB /* doAGIPCGridItem.m in Sources */,
				3B77B2B41B4D2C01003DF0AB /* UIButton+AGIPC.m in Sources */,
				3B77B2A91B4D2C01003DF0AB /* AGImagePickerController+Helper.m in Sources */,
			);
			runOnlyForDeploymentPostprocessing = 0;
		};
/* End PBXSourcesBuildPhase section */

/* Begin XCBuildConfiguration section */
		A4E1EACF1A778F1700F0B3CE /* Debug */ = {
			isa = XCBuildConfiguration;
			buildSettings = {
				ALWAYS_SEARCH_USER_PATHS = NO;
				CLANG_CXX_LANGUAGE_STANDARD = "gnu++0x";
				CLANG_CXX_LIBRARY = "libc++";
				CLANG_ENABLE_MODULES = YES;
				CLANG_ENABLE_OBJC_ARC = YES;
				CLANG_WARN_BOOL_CONVERSION = YES;
				CLANG_WARN_CONSTANT_CONVERSION = YES;
				CLANG_WARN_DIRECT_OBJC_ISA_USAGE = YES_ERROR;
				CLANG_WARN_EMPTY_BODY = YES;
				CLANG_WARN_ENUM_CONVERSION = YES;
				CLANG_WARN_INT_CONVERSION = YES;
				CLANG_WARN_OBJC_ROOT_CLASS = YES_ERROR;
				CLANG_WARN_UNREACHABLE_CODE = YES;
				CLANG_WARN__DUPLICATE_METHOD_MATCH = YES;
				COPY_PHASE_STRIP = NO;
				ENABLE_STRICT_OBJC_MSGSEND = YES;
				GCC_C_LANGUAGE_STANDARD = gnu99;
				GCC_DYNAMIC_NO_PIC = NO;
				GCC_OPTIMIZATION_LEVEL = 0;
				GCC_PREPROCESSOR_DEFINITIONS = (
					"DEBUG=1",
					"$(inherited)",
				);
				GCC_SYMBOLS_PRIVATE_EXTERN = NO;
				GCC_WARN_64_TO_32_BIT_CONVERSION = YES;
				GCC_WARN_ABOUT_RETURN_TYPE = YES_ERROR;
				GCC_WARN_UNDECLARED_SELECTOR = YES;
				GCC_WARN_UNINITIALIZED_AUTOS = YES_AGGRESSIVE;
				GCC_WARN_UNUSED_FUNCTION = YES;
				GCC_WARN_UNUSED_VARIABLE = YES;
				IPHONEOS_DEPLOYMENT_TARGET = 7.0;
				MTL_ENABLE_DEBUG_INFO = YES;
				ONLY_ACTIVE_ARCH = YES;
				SDKROOT = iphoneos;
				TARGETED_DEVICE_FAMILY = "1,2";
			};
			name = Debug;
		};
		A4E1EAD01A778F1700F0B3CE /* Release */ = {
			isa = XCBuildConfiguration;
			buildSettings = {
				ALWAYS_SEARCH_USER_PATHS = NO;
				CLANG_CXX_LANGUAGE_STANDARD = "gnu++0x";
				CLANG_CXX_LIBRARY = "libc++";
				CLANG_ENABLE_MODULES = YES;
				CLANG_ENABLE_OBJC_ARC = YES;
				CLANG_WARN_BOOL_CONVERSION = YES;
				CLANG_WARN_CONSTANT_CONVERSION = YES;
				CLANG_WARN_DIRECT_OBJC_ISA_USAGE = YES_ERROR;
				CLANG_WARN_EMPTY_BODY = YES;
				CLANG_WARN_ENUM_CONVERSION = YES;
				CLANG_WARN_INT_CONVERSION = YES;
				CLANG_WARN_OBJC_ROOT_CLASS = YES_ERROR;
				CLANG_WARN_UNREACHABLE_CODE = YES;
				CLANG_WARN__DUPLICATE_METHOD_MATCH = YES;
				COPY_PHASE_STRIP = YES;
				ENABLE_NS_ASSERTIONS = NO;
				ENABLE_STRICT_OBJC_MSGSEND = YES;
				GCC_C_LANGUAGE_STANDARD = gnu99;
				GCC_WARN_64_TO_32_BIT_CONVERSION = YES;
				GCC_WARN_ABOUT_RETURN_TYPE = YES_ERROR;
				GCC_WARN_UNDECLARED_SELECTOR = YES;
				GCC_WARN_UNINITIALIZED_AUTOS = YES_AGGRESSIVE;
				GCC_WARN_UNUSED_FUNCTION = YES;
				GCC_WARN_UNUSED_VARIABLE = YES;
				IPHONEOS_DEPLOYMENT_TARGET = 7.0;
				MTL_ENABLE_DEBUG_INFO = NO;
				ONLY_ACTIVE_ARCH = NO;
				SDKROOT = iphoneos;
				TARGETED_DEVICE_FAMILY = "1,2";
				VALIDATE_PRODUCT = YES;
			};
			name = Release;
		};
		A4E1EAD21A778F1700F0B3CE /* Debug */ = {
			isa = XCBuildConfiguration;
			buildSettings = {
				IPHONEOS_DEPLOYMENT_TARGET = 7.0;
				LIBRARY_SEARCH_PATHS = ../doLib/doCore;
				ONLY_ACTIVE_ARCH = NO;
				OTHER_LDFLAGS = "-ObjC";
				PRODUCT_NAME = DoAlbum_SM;
				SKIP_INSTALL = YES;
				TARGETED_DEVICE_FAMILY = "1,2";
				USER_HEADER_SEARCH_PATHS = ../doLib/doCore/Header;
			};
			name = Debug;
		};
		A4E1EAD31A778F1700F0B3CE /* Release */ = {
			isa = XCBuildConfiguration;
			buildSettings = {
				IPHONEOS_DEPLOYMENT_TARGET = 7.0;
				LIBRARY_SEARCH_PATHS = ../doLib/doCore;
				ONLY_ACTIVE_ARCH = NO;
				OTHER_LDFLAGS = "-ObjC";
				PRODUCT_NAME = DoAlbum_SM;
				SKIP_INSTALL = YES;
				TARGETED_DEVICE_FAMILY = "1,2";
				USER_HEADER_SEARCH_PATHS = ../doLib/doCore/Header;
			};
			name = Release;
		};
/* End XCBuildConfiguration section */

/* Begin XCConfigurationList section */
		A4E1EAB81A778F1700F0B3CE /* Build configuration list for PBXProject "doAlbum_SM" */ = {
			isa = XCConfigurationList;
			buildConfigurations = (
				A4E1EACF1A778F1700F0B3CE /* Debug */,
				A4E1EAD01A778F1700F0B3CE /* Release */,
			);
			defaultConfigurationIsVisible = 0;
			defaultConfigurationName = Release;
		};
		A4E1EAD11A778F1700F0B3CE /* Build configuration list for PBXNativeTarget "DoAlbum_SM" */ = {
			isa = XCConfigurationList;
			buildConfigurations = (
				A4E1EAD21A778F1700F0B3CE /* Debug */,
				A4E1EAD31A778F1700F0B3CE /* Release */,
			);
			defaultConfigurationIsVisible = 0;
			defaultConfigurationName = Release;
		};
/* End XCConfigurationList section */
	};
	rootObject = A4E1EAB51A778F1700F0B3CE /* Project object */;
}
